
Microsoft Visual Studio Solution File, Format Version 12.00
# Visual Studio Version 17
VisualStudioVersion = 17.1.32328.378
MinimumVisualStudioVersion = 10.0.40219.1
Project("{FAE04EC0-301F-11D3-BF4B-00C04F79EFBC}") = "Udemy.RabbitMQ.Web.WaterMark", "Udemy.RabbitMQ.Web.WaterMark\Udemy.RabbitMQ.Web.WaterMark.csproj", "{DCC91BE6-2C99-4D5A-B6C8-F7B009E1D5EA}"
EndProject
Global
	GlobalSection(SolutionConfigurationPlatforms) = preSolution
		Debug|Any CPU = Debug|Any CPU
		Release|Any CPU = Release|Any CPU
	EndGlobalSection
	GlobalSection(ProjectConfigurationPlatforms) = postSolution
		{DCC91BE6-2C99-4D5A-B6C8-F7B009E1D5EA}.Debug|Any CPU.ActiveCfg = Debug|Any CPU
		{DCC91BE6-2C99-4D5A-B6C8-F7B009E1D5EA}.Debug|Any CPU.Build.0 = Debug|Any CPU
		{DCC91BE6-2C99-4D5A-B6C8-F7B009E1D5EA}.Release|Any CPU.ActiveCfg = Release|Any CPU
		{DCC91BE6-2C99-4D5A-B6C8-F7B009E1D5EA}.Release|Any CPU.Build.0 = Release|Any CPU
	EndGlobalSection
	GlobalSection(SolutionProperties) = preSolution
		HideSolutionNode = FALSE
	EndGlobalSection
	GlobalSection(ExtensibilityGlobals) = postSolution
		SolutionGuid = {196CCBC9-20D2-47B9-9801-46B2380EF01A}
	EndGlobalSection
EndGlobal
